
Microsoft Visual Studio Solution File, Format Version 12.00
# Visual Studio Version 16
VisualStudioVersion = 16.0.30011.22
MinimumVisualStudioVersion = 10.0.40219.1
Project("{FAE04EC0-301F-11D3-BF4B-00C04F79EFBC}") = "DifferentialEquationSolver", "DifferentialEquationSolver\DifferentialEquationSolver.csproj", "{12517651-01BD-4312-848C-CFA2F4728435}"
EndProject
Global
	GlobalSection(SolutionConfigurationPlatforms) = preSolution
		Debug|Any CPU = Debug|Any CPU
		Release|Any CPU = Release|Any CPU
	EndGlobalSection
	GlobalSection(ProjectConfigurationPlatforms) = postSolution
		{12517651-01BD-4312-848C-CFA2F4728435}.Debug|Any CPU.ActiveCfg = Debug|Any CPU
		{12517651-01BD-4312-848C-CFA2F4728435}.Debug|Any CPU.Build.0 = Debug|Any CPU
		{12517651-01BD-4312-848C-CFA2F4728435}.Release|Any CPU.ActiveCfg = Release|Any CPU
		{12517651-01BD-4312-848C-CFA2F4728435}.Release|Any CPU.Build.0 = Release|Any CPU
	EndGlobalSection
	GlobalSection(SolutionProperties) = preSolution
		HideSolutionNode = FALSE
	EndGlobalSection
	GlobalSection(ExtensibilityGlobals) = postSolution
		SolutionGuid = {3DF3FB30-701C-4F45-BEF1-F0650FEFAF7F}
	EndGlobalSection
EndGlobal
